// !$*UTF8*$!
{
	archiveVersion = 1;
	classes = {
	};
	objectVersion = 77;
	objects = {

/* Begin PBXContainerItemProxy section */
		AA63BAF42E5905D200243C3D /* PBXContainerItemProxy */ = {
			isa = PBXContainerItemProxy;
			containerPortal = AA63BADE2E5905D000243C3D /* Project object */;
			proxyType = 1;
			remoteGlobalIDString = AA63BAE52E5905D000243C3D;
			remoteInfo = SCOPE_APP;
		};
		AA63BAFE2E5905D200243C3D /* PBXContainerItemProxy */ = {
			isa = PBXContainerItemProxy;
			containerPortal = AA63BADE2E5905D000243C3D /* Project object */;
			proxyType = 1;
			remoteGlobalIDString = AA63BAE52E5905D000243C3D;
			remoteInfo = SCOPE_APP;
		};
/* End PBXContainerItemProxy section */

/* Begin PBXFileReference section */
		AA63BAE62E5905D000243C3D /* SCOPE_APP.app */ = {isa = PBXFileReference; explicitFileType = wrapper.application; includeInIndex = 0; path = SCOPE_APP.app; sourceTree = BUILT_PRODUCTS_DIR; };
		AA63BAF32E5905D200243C3D /* SCOPE_APPTests.xctest */ = {isa = PBXFileReference; explicitFileType = wrapper.cfbundle; includeInIndex = 0; path = SCOPE_APPTests.xctest; sourceTree = BUILT_PRODUCTS_DIR; };
		AA63BAFD2E5905D200243C3D /* SCOPE_APPUITests.xctest */ = {isa = PBXFileReference; explicitFileType = wrapper.cfbundle; includeInIndex = 0; path = SCOPE_APPUITests.xctest; sourceTree = BUILT_PRODUCTS_DIR; };
/* End PBXFileReference section */

/* Begin PBXFileSystemSynchronizedRootGroup section */
		AA63BAE82E5905D000243C3D /* SCOPE_APP */ = {
			isa = PBXFileSystemSynchronizedRootGroup;
			path = SCOPE_APP;
			sourceTree = "<group>";
		};
		AA63BAF62E5905D200243C3D /* SCOPE_APPTests */ = {
			isa = PBXFileSystemSynchronizedRootGroup;
			path = SCOPE_APPTests;
			sourceTree = "<group>";
		};
		AA63BB002E5905D200243C3D /* SCOPE_APPUITests */ = {
			isa = PBXFileSystemSynchronizedRootGroup;
			path = SCOPE_APPUITests;
			sourceTree = "<group>";
		};
/* End PBXFileSystemSynchronizedRootGroup section */

/* Begin PBXFrameworksBuildPhase section */
		AA63BAE32E5905D000243C3D /* Frameworks */ = {
			isa = PBXFrameworksBuildPhase;
			buildActionMask = 2147483647;
			files = (
			);
			runOnlyForDeploymentPostprocessing = 0;
		};
		AA63BAF02E5905D200243C3D /* Frameworks */ = {
			isa = PBXFrameworksBuildPhase;
			buildActionMask = 2147483647;
			files = (
			);
			runOnlyForDeploymentPostprocessing = 0;
		};
		AA63BAFA2E5905D200243C3D /* Frameworks */ = {
			isa = PBXFrameworksBuildPhase;
			buildActionMask = 2147483647;
			files = (
			);
			runOnlyForDeploymentPostprocessing = 0;
		};
/* End PBXFrameworksBuildPhase section */

/* Begin PBXGroup section */
		AA63BADD2E5905D000243C3D = {
			isa = PBXGroup;
			children = (
				AA63BAE82E5905D000243C3D /* SCOPE_APP */,
				AA63BAF62E5905D200243C3D /* SCOPE_APPTests */,
				AA63BB002E5905D200243C3D /* SCOPE_APPUITests */,
				AA63BAE72E5905D000243C3D /* Products */,
			);
			sourceTree = "<group>";
		};
		AA63BAE72E5905D000243C3D /* Products */ = {
			isa = PBXGroup;
			children = (
				AA63BAE62E5905D000243C3D /* SCOPE_APP.app */,
				AA63BAF32E5905D200243C3D /* SCOPE_APPTests.xctest */,
				AA63BAFD2E5905D200243C3D /* SCOPE_APPUITests.xctest */,
			);
			name = Products;
			sourceTree = "<group>";
		};
/* End PBXGroup section */

/* Begin PBXNativeTarget section */
		AA63BAE52E5905D000243C3D /* SCOPE_APP */ = {
			isa = PBXNativeTarget;
			buildConfigurationList = AA63BB072E5905D200243C3D /* Build configuration list for PBXNativeTarget "SCOPE_APP" */;
			buildPhases = (
				AA63BAE22E5905D000243C3D /* Sources */,
				AA63BAE32E5905D000243C3D /* Frameworks */,
				AA63BAE42E5905D000243C3D /* Resources */,
			);
			buildRules = (
			);
			dependencies = (
			);
			fileSystemSynchronizedGroups = (
				AA63BAE82E5905D000243C3D /* SCOPE_APP */,
			);
			name = SCOPE_APP;
			packageProductDependencies = (
			);
			productName = SCOPE_APP;
			productReference = AA63BAE62E5905D000243C3D /* SCOPE_APP.app */;
			productType = "com.apple.product-type.application";
		};
		AA63BAF22E5905D200243C3D /* SCOPE_APPTests */ = {
			isa = PBXNativeTarget;
			buildConfigurationList = AA63BB0A2E5905D200243C3D /* Build configuration list for PBXNativeTarget "SCOPE_APPTests" */;
			buildPhases = (
				AA63BAEF2E5905D200243C3D /* Sources */,
				AA63BAF02E5905D200243C3D /* Frameworks */,
				AA63BAF12E5905D200243C3D /* Resources */,
			);
			buildRules = (
			);
			dependencies = (
				AA63BAF52E5905D200243C3D /* PBXTargetDependency */,
			);
			fileSystemSynchronizedGroups = (
				AA63BAF62E5905D200243C3D /* SCOPE_APPTests */,
			);
			name = SCOPE_APPTests;
			packageProductDependencies = (
			);
			productName = SCOPE_APPTests;
			productReference = AA63BAF32E5905D200243C3D /* SCOPE_APPTests.xctest */;
			productType = "com.apple.product-type.bundle.unit-test";
		};
		AA63BAFC2E5905D200243C3D /* SCOPE_APPUITests */ = {
			isa = PBXNativeTarget;
			buildConfigurationList = AA63BB0D2E5905D200243C3D /* Build configuration list for PBXNativeTarget "SCOPE_APPUITests" */;
			buildPhases = (
				AA63BAF92E5905D200243C3D /* Sources */,
				AA63BAFA2E5905D200243C3D /* Frameworks */,
				AA63BAFB2E5905D200243C3D /* Resources */,
			);
			buildRules = (
			);
			dependencies = (
				AA63BAFF2E5905D200243C3D /* PBXTargetDependency */,
			);
			fileSystemSynchronizedGroups = (
				AA63BB002E5905D200243C3D /* SCOPE_APPUITests */,
			);
			name = SCOPE_APPUITests;
			packageProductDependencies = (
			);
			productName = SCOPE_APPUITests;
			productReference = AA63BAFD2E5905D200243C3D /* SCOPE_APPUITests.xctest */;
			productType = "com.apple.product-type.bundle.ui-testing";
		};
/* End PBXNativeTarget section */

/* Begin PBXProject section */
		AA63BADE2E5905D000243C3D /* Project object */ = {
			isa = PBXProject;
			attributes = {
				BuildIndependentTargetsInParallel = 1;
				LastSwiftUpdateCheck = 1640;
				LastUpgradeCheck = 1640;
				TargetAttributes = {
					AA63BAE52E5905D000243C3D = {
						CreatedOnToolsVersion = 16.4;
					};
					AA63BAF22E5905D200243C3D = {
						CreatedOnToolsVersion = 16.4;
						TestTargetID = AA63BAE52E5905D000243C3D;
					};
					AA63BAFC2E5905D200243C3D = {
						CreatedOnToolsVersion = 16.4;
						TestTargetID = AA63BAE52E5905D000243C3D;
					};
				};
			};
			buildConfigurationList = AA63BAE12E5905D000243C3D /* Build configuration list for PBXProject "SCOPE_APP" */;
			developmentRegion = en;
			hasScannedForEncodings = 0;
			knownRegions = (
				en,
				Base,
			);
			mainGroup = AA63BADD2E5905D000243C3D;
			minimizedProjectReferenceProxies = 1;
			preferredProjectObjectVersion = 77;
			productRefGroup = AA63BAE72E5905D000243C3D /* Products */;
			projectDirPath = "";
			projectRoot = "";
			targets = (
				AA63BAE52E5905D000243C3D /* SCOPE_APP */,
				AA63BAF22E5905D200243C3D /* SCOPE_APPTests */,
				AA63BAFC2E5905D200243C3D /* SCOPE_APPUITests */,
			);
		};
/* End PBXProject section */

/* Begin PBXResourcesBuildPhase section */
		AA63BAE42E5905D000243C3D /* Resources */ = {
			isa = PBXResourcesBuildPhase;
			buildActionMask = 2147483647;
			files = (
			);
			runOnlyForDeploymentPostprocessing = 0;
		};
		AA63BAF12E5905D200243C3D /* Resources */ = {
			isa = PBXResourcesBuildPhase;
			buildActionMask = 2147483647;
			files = (
			);
			runOnlyForDeploymentPostprocessing = 0;
		};
		AA63BAFB2E5905D200243C3D /* Resources */ = {
			isa = PBXResourcesBuildPhase;
			buildActionMask = 2147483647;
			files = (
			);
			runOnlyForDeploymentPostprocessing = 0;
		};
/* End PBXResourcesBuildPhase section */

/* Begin PBXSourcesBuildPhase section */
		AA63BAE22E5905D000243C3D /* Sources */ = {
			isa = PBXSourcesBuildPhase;
			buildActionMask = 2147483647;
			files = (
			);
			runOnlyForDeploymentPostprocessing = 0;
		};
		AA63BAEF2E5905D200243C3D /* Sources */ = {
			isa = PBXSourcesBuildPhase;
			buildActionMask = 2147483647;
			files = (
			);
			runOnlyForDeploymentPostprocessing = 0;
		};
		AA63BAF92E5905D200243C3D /* Sources */ = {
			isa = PBXSourcesBuildPhase;
			buildActionMask = 2147483647;
			files = (
			);
			runOnlyForDeploymentPostprocessing = 0;
		};
/* End PBXSourcesBuildPhase section */

/* Begin PBXTargetDependency section */
		AA63BAF52E5905D200243C3D /* PBXTargetDependency */ = {
			isa = PBXTargetDependency;
			target = AA63BAE52E5905D000243C3D /* SCOPE_APP */;
			targetProxy = AA63BAF42E5905D200243C3D /* PBXContainerItemProxy */;
		};
		AA63BAFF2E5905D200243C3D /* PBXTargetDependency */ = {
			isa = PBXTargetDependency;
			target = AA63BAE52E5905D000243C3D /* SCOPE_APP */;
			targetProxy = AA63BAFE2E5905D200243C3D /* PBXContainerItemProxy */;
		};
/* End PBXTargetDependency section */

/* Begin XCBuildConfiguration section */
		AA63BB052E5905D200243C3D /* Debug */ = {
			isa = XCBuildConfiguration;
			buildSettings = {
				ALWAYS_SEARCH_USER_PATHS = NO;
				ASSETCATALOG_COMPILER_GENERATE_SWIFT_ASSET_SYMBOL_EXTENSIONS = YES;
				CLANG_ANALYZER_NONNULL = YES;
				CLANG_ANALYZER_NUMBER_OBJECT_CONVERSION = YES_AGGRESSIVE;
				CLANG_CXX_LANGUAGE_STANDARD = "gnu++20";
				CLANG_ENABLE_MODULES = YES;
				CLANG_ENABLE_OBJC_ARC = YES;
				CLANG_ENABLE_OBJC_WEAK = YES;
				CLANG_WARN_BLOCK_CAPTURE_AUTORELEASING = YES;
				CLANG_WARN_BOOL_CONVERSION = YES;
				CLANG_WARN_COMMA = YES;
				CLANG_WARN_CONSTANT_CONVERSION = YES;
				CLANG_WARN_DEPRECATED_OBJC_IMPLEMENTATIONS = YES;
				CLANG_WARN_DIRECT_OBJC_ISA_USAGE = YES_ERROR;
				CLANG_WARN_DOCUMENTATION_COMMENTS = YES;
				CLANG_WARN_EMPTY_BODY = YES;
				CLANG_WARN_ENUM_CONVERSION = YES;
				CLANG_WARN_INFINITE_RECURSION = YES;
				CLANG_WARN_INT_CONVERSION = YES;
				CLANG_WARN_NON_LITERAL_NULL_CONVERSION = YES;
				CLANG_WARN_OBJC_IMPLICIT_RETAIN_SELF = YES;
				CLANG_WARN_OBJC_LITERAL_CONVERSION = YES;
				CLANG_WARN_OBJC_ROOT_CLASS = YES_ERROR;
				CLANG_WARN_QUOTED_INCLUDE_IN_FRAMEWORK_HEADER = YES;
				CLANG_WARN_RANGE_LOOP_ANALYSIS = YES;
				CLANG_WARN_STRICT_PROTOTYPES = YES;
				CLANG_WARN_SUSPICIOUS_MOVE = YES;
				CLANG_WARN_UNGUARDED_AVAILABILITY = YES_AGGRESSIVE;
				CLANG_WARN_UNREACHABLE_CODE = YES;
				CLANG_WARN__DUPLICATE_METHOD_MATCH = YES;
				COPY_PHASE_STRIP = NO;
				DEBUG_INFORMATION_FORMAT = dwarf;
				ENABLE_STRICT_OBJC_MSGSEND = YES;
				ENABLE_TESTABILITY = YES;
				ENABLE_USER_SCRIPT_SANDBOXING = YES;
				GCC_C_LANGUAGE_STANDARD = gnu17;
				GCC_DYNAMIC_NO_PIC = NO;
				GCC_NO_COMMON_BLOCKS = YES;
				GCC_OPTIMIZATION_LEVEL = 0;
				GCC_PREPROCESSOR_DEFINITIONS = (
					"DEBUG=1",
					"$(inherited)",
				);
				GCC_WARN_64_TO_32_BIT_CONVERSION = YES;
				GCC_WARN_ABOUT_RETURN_TYPE = YES_ERROR;
				GCC_WARN_UNDECLARED_SELECTOR = YES;
				GCC_WARN_UNINITIALIZED_AUTOS = YES_AGGRESSIVE;
				GCC_WARN_UNUSED_FUNCTION = YES;
				GCC_WARN_UNUSED_VARIABLE = YES;
				IPHONEOS_DEPLOYMENT_TARGET = 18.5;
				LOCALIZATION_PREFERS_STRING_CATALOGS = YES;
				MTL_ENABLE_DEBUG_INFO = INCLUDE_SOURCE;
				MTL_FAST_MATH = YES;
				ONLY_ACTIVE_ARCH = YES;
				SDKROOT = iphoneos;
				SWIFT_ACTIVE_COMPILATION_CONDITIONS = "DEBUG $(inherited)";
				SWIFT_OPTIMIZATION_LEVEL = "-Onone";
			};
			name = Debug;
		};
		AA63BB062E5905D200243C3D /* Release */ = {
			isa = XCBuildConfiguration;
			buildSettings = {
				ALWAYS_SEARCH_USER_PATHS = NO;
				ASSETCATALOG_COMPILER_GENERATE_SWIFT_ASSET_SYMBOL_EXTENSIONS = YES;
				CLANG_ANALYZER_NONNULL = YES;
				CLANG_ANALYZER_NUMBER_OBJECT_CONVERSION = YES_AGGRESSIVE;
				CLANG_CXX_LANGUAGE_STANDARD = "gnu++20";
				CLANG_ENABLE_MODULES = YES;
				CLANG_ENABLE_OBJC_ARC = YES;
				CLANG_ENABLE_OBJC_WEAK = YES;
				CLANG_WARN_BLOCK_CAPTURE_AUTORELEASING = YES;
				CLANG_WARN_BOOL_CONVERSION = YES;
				CLANG_WARN_COMMA = YES;
				CLANG_WARN_CONSTANT_CONVERSION = YES;
				CLANG_WARN_DEPRECATED_OBJC_IMPLEMENTATIONS = YES;
				CLANG_WARN_DIRECT_OBJC_ISA_USAGE = YES_ERROR;
				CLANG_WARN_DOCUMENTATION_COMMENTS = YES;
				CLANG_WARN_EMPTY_BODY = YES;
				CLANG_WARN_ENUM_CONVERSION = YES;
				CLANG_WARN_INFINITE_RECURSION = YES;
				CLANG_WARN_INT_CONVERSION = YES;
				CLANG_WARN_NON_LITERAL_NULL_CONVERSION = YES;
				CLANG_WARN_OBJC_IMPLICIT_RETAIN_SELF = YES;
				CLANG_WARN_OBJC_LITERAL_CONVERSION = YES;
				CLANG_WARN_OBJC_ROOT_CLASS = YES_ERROR;
				CLANG_WARN_QUOTED_INCLUDE_IN_FRAMEWORK_HEADER = YES;
				CLANG_WARN_RANGE_LOOP_ANALYSIS = YES;
				CLANG_WARN_STRICT_PROTOTYPES = YES;
				CLANG_WARN_SUSPICIOUS_MOVE = YES;
				CLANG_WARN_UNGUARDED_AVAILABILITY = YES_AGGRESSIVE;
				CLANG_WARN_UNREACHABLE_CODE = YES;
				CLANG_WARN__DUPLICATE_METHOD_MATCH = YES;
				COPY_PHASE_STRIP = NO;
				DEBUG_INFORMATION_FORMAT = "dwarf-with-dsym";
				ENABLE_NS_ASSERTIONS = NO;
				ENABLE_STRICT_OBJC_MSGSEND = YES;
				ENABLE_USER_SCRIPT_SANDBOXING = YES;
				GCC_C_LANGUAGE_STANDARD = gnu17;
				GCC_NO_COMMON_BLOCKS = YES;
				GCC_WARN_64_TO_32_BIT_CONVERSION = YES;
				GCC_WARN_ABOUT_RETURN_TYPE = YES_ERROR;
				GCC_WARN_UNDECLARED_SELECTOR = YES;
				GCC_WARN_UNINITIALIZED_AUTOS = YES_AGGRESSIVE;
				GCC_WARN_UNUSED_FUNCTION = YES;
				GCC_WARN_UNUSED_VARIABLE = YES;
				IPHONEOS_DEPLOYMENT_TARGET = 18.5;
				LOCALIZATION_PREFERS_STRING_CATALOGS = YES;
				MTL_ENABLE_DEBUG_INFO = NO;
				MTL_FAST_MATH = YES;
				SDKROOT = iphoneos;
				SWIFT_COMPILATION_MODE = wholemodule;
				VALIDATE_PRODUCT = YES;
			};
			name = Release;
		};
		AA63BB082E5905D200243C3D /* Debug */ = {
			isa = XCBuildConfiguration;
			buildSettings = {
				ASSETCATALOG_COMPILER_APPICON_NAME = AppIcon;
				ASSETCATALOG_COMPILER_GLOBAL_ACCENT_COLOR_NAME = AccentColor;
				CODE_SIGN_STYLE = Automatic;
				CURRENT_PROJECT_VERSION = 1;
				ENABLE_PREVIEWS = YES;
				GENERATE_INFOPLIST_FILE = YES;
				INFOPLIST_KEY_UIApplicationSceneManifest_Generation = YES;
				INFOPLIST_KEY_UIApplicationSupportsIndirectInputEvents = YES;
				INFOPLIST_KEY_UILaunchScreen_Generation = YES;
				INFOPLIST_KEY_UISupportedInterfaceOrientations_iPad = "UIInterfaceOrientationPortrait UIInterfaceOrientationPortraitUpsideDown UIInterfaceOrientationLandscapeLeft UIInterfaceOrientationLandscapeRight";
				INFOPLIST_KEY_UISupportedInterfaceOrientations_iPhone = "UIInterfaceOrientationPortrait UIInterfaceOrientationLandscapeLeft UIInterfaceOrientationLandscapeRight";
				LD_RUNPATH_SEARCH_PATHS = (
					"$(inherited)",
					"@executable_path/Frameworks",
				);
				MARKETING_VERSION = 1.0;
				PRODUCT_BUNDLE_IDENTIFIER = "com.ashutoshapp.SCOPE-APP";
				PRODUCT_NAME = "$(TARGET_NAME)";
				SWIFT_EMIT_LOC_STRINGS = YES;
				SWIFT_VERSION = 5.0;
				TARGETED_DEVICE_FAMILY = "1,2";
			};
			name = Debug;
		};
		AA63BB092E5905D200243C3D /* Release */ = {
			isa = XCBuildConfiguration;
			buildSettings = {
				ASSETCATALOG_COMPILER_APPICON_NAME = AppIcon;
				ASSETCATALOG_COMPILER_GLOBAL_ACCENT_COLOR_NAME = AccentColor;
				CODE_SIGN_STYLE = Automatic;
				CURRENT_PROJECT_VERSION = 1;
				ENABLE_PREVIEWS = YES;
				GENERATE_INFOPLIST_FILE = YES;
				INFOPLIST_KEY_UIApplicationSceneManifest_Generation = YES;
				INFOPLIST_KEY_UIApplicationSupportsIndirectInputEvents = YES;
				INFOPLIST_KEY_UILaunchScreen_Generation = YES;
				INFOPLIST_KEY_UISupportedInterfaceOrientations_iPad = "UIInterfaceOrientationPortrait UIInterfaceOrientationPortraitUpsideDown UIInterfaceOrientationLandscapeLeft UIInterfaceOrientationLandscapeRight";
				INFOPLIST_KEY_UISupportedInterfaceOrientations_iPhone = "UIInterfaceOrientationPortrait UIInterfaceOrientationLandscapeLeft UIInterfaceOrientationLandscapeRight";
				LD_RUNPATH_SEARCH_PATHS = (
					"$(inherited)",
					"@executable_path/Frameworks",
				);
				MARKETING_VERSION = 1.0;
				PRODUCT_BUNDLE_IDENTIFIER = "com.ashutoshapp.SCOPE-APP";
				PRODUCT_NAME = "$(TARGET_NAME)";
				SWIFT_EMIT_LOC_STRINGS = YES;
				SWIFT_VERSION = 5.0;
				TARGETED_DEVICE_FAMILY = "1,2";
			};
			name = Release;
		};
		AA63BB0B2E5905D200243C3D /* Debug */ = {
			isa = XCBuildConfiguration;
			buildSettings = {
				BUNDLE_LOADER = "$(TEST_HOST)";
				CODE_SIGN_STYLE = Automatic;
				CURRENT_PROJECT_VERSION = 1;
				GENERATE_INFOPLIST_FILE = YES;
				IPHONEOS_DEPLOYMENT_TARGET = 18.5;
				MARKETING_VERSION = 1.0;
				PRODUCT_BUNDLE_IDENTIFIER = "com.ashutoshapp.SCOPE-APPTests";
				PRODUCT_NAME = "$(TARGET_NAME)";
				SWIFT_EMIT_LOC_STRINGS = NO;
				SWIFT_VERSION = 5.0;
				TARGETED_DEVICE_FAMILY = "1,2";
				TEST_HOST = "$(BUILT_PRODUCTS_DIR)/SCOPE_APP.app/$(BUNDLE_EXECUTABLE_FOLDER_PATH)/SCOPE_APP";
			};
			name = Debug;
		};
		AA63BB0C2E5905D200243C3D /* Release */ = {
			isa = XCBuildConfiguration;
			buildSettings = {
				BUNDLE_LOADER = "$(TEST_HOST)";
				CODE_SIGN_STYLE = Automatic;
				CURRENT_PROJECT_VERSION = 1;
				GENERATE_INFOPLIST_FILE = YES;
				IPHONEOS_DEPLOYMENT_TARGET = 18.5;
				MARKETING_VERSION = 1.0;
				PRODUCT_BUNDLE_IDENTIFIER = "com.ashutoshapp.SCOPE-APPTests";
				PRODUCT_NAME = "$(TARGET_NAME)";
				SWIFT_EMIT_LOC_STRINGS = NO;
				SWIFT_VERSION = 5.0;
				TARGETED_DEVICE_FAMILY = "1,2";
				TEST_HOST = "$(BUILT_PRODUCTS_DIR)/SCOPE_APP.app/$(BUNDLE_EXECUTABLE_FOLDER_PATH)/SCOPE_APP";
			};
			name = Release;
		};
		AA63BB0E2E5905D200243C3D /* Debug */ = {
			isa = XCBuildConfiguration;
			buildSettings = {
				CODE_SIGN_STYLE = Automatic;
				CURRENT_PROJECT_VERSION = 1;
				GENERATE_INFOPLIST_FILE = YES;
				MARKETING_VERSION = 1.0;
				PRODUCT_BUNDLE_IDENTIFIER = "com.ashutoshapp.SCOPE-APPUITests";
				PRODUCT_NAME = "$(TARGET_NAME)";
				SWIFT_EMIT_LOC_STRINGS = NO;
				SWIFT_VERSION = 5.0;
				TARGETED_DEVICE_FAMILY = "1,2";
				TEST_TARGET_NAME = SCOPE_APP;
			};
			name = Debug;
		};
		AA63BB0F2E5905D200243C3D /* Release */ = {
			isa = XCBuildConfiguration;
			buildSettings = {
				CODE_SIGN_STYLE = Automatic;
				CURRENT_PROJECT_VERSION = 1;
				GENERATE_INFOPLIST_FILE = YES;
				MARKETING_VERSION = 1.0;
				PRODUCT_BUNDLE_IDENTIFIER = "com.ashutoshapp.SCOPE-APPUITests";
				PRODUCT_NAME = "$(TARGET_NAME)";
				SWIFT_EMIT_LOC_STRINGS = NO;
				SWIFT_VERSION = 5.0;
				TARGETED_DEVICE_FAMILY = "1,2";
				TEST_TARGET_NAME = SCOPE_APP;
			};
			name = Release;
		};
/* End XCBuildConfiguration section */

/* Begin XCConfigurationList section */
		AA63BAE12E5905D000243C3D /* Build configuration list for PBXProject "SCOPE_APP" */ = {
			isa = XCConfigurationList;
			buildConfigurations = (
				AA63BB052E5905D200243C3D /* Debug */,
				AA63BB062E5905D200243C3D /* Release */,
			);
			defaultConfigurationIsVisible = 0;
			defaultConfigurationName = Release;
		};
		AA63BB072E5905D200243C3D /* Build configuration list for PBXNativeTarget "SCOPE_APP" */ = {
			isa = XCConfigurationList;
			buildConfigurations = (
				AA63BB082E5905D200243C3D /* Debug */,
				AA63BB092E5905D200243C3D /* Release */,
			);
			defaultConfigurationIsVisible = 0;
			defaultConfigurationName = Release;
		};
		AA63BB0A2E5905D200243C3D /* Build configuration list for PBXNativeTarget "SCOPE_APPTests" */ = {
			isa = XCConfigurationList;
			buildConfigurations = (
				AA63BB0B2E5905D200243C3D /* Debug */,
				AA63BB0C2E5905D200243C3D /* Release */,
			);
			defaultConfigurationIsVisible = 0;
			defaultConfigurationName = Release;
		};
		AA63BB0D2E5905D200243C3D /* Build configuration list for PBXNativeTarget "SCOPE_APPUITests" */ = {
			isa = XCConfigurationList;
			buildConfigurations = (
				AA63BB0E2E5905D200243C3D /* Debug */,
				AA63BB0F2E5905D200243C3D /* Release */,
			);
			defaultConfigurationIsVisible = 0;
			defaultConfigurationName = Release;
		};
/* End XCConfigurationList section */
	};
	rootObject = AA63BADE2E5905D000243C3D /* Project object */;
}
